
Microsoft Visual Studio Solution File, Format Version 12.00
# Visual Studio Version 17
VisualStudioVersion = 17.0.31903.59
MinimumVisualStudioVersion = 10.0.40219.1
Project("{2150E333-8FDC-42A3-9474-1A3956D46DE8}") = "src", "src", "{827E0CD3-B72D-47B6-A68D-7590B98EB39B}"
EndProject
Project("{2150E333-8FDC-42A3-9474-1A3956D46DE8}") = "01.StackSpan", "01.StackSpan", "{5ACF8982-77DF-B9DC-B030-F3275173275B}"
EndProject
Project("{FAE04EC0-301F-11D3-BF4B-00C04F79EFBC}") = "Csharp14.SystemsMemory.StackSpan", "src\01.StackSpan\Csharp14.SystemsMemory.StackSpan.csproj", "{FF5631F5-1C73-4C87-8AF9-DAB05E03B1D6}"
EndProject
Project("{2150E333-8FDC-42A3-9474-1A3956D46DE8}") = "02.NativeInterop", "02.NativeInterop", "{CC1D86A5-8466-C3CB-63FF-2EB04E84F1B6}"
EndProject
Project("{FAE04EC0-301F-11D3-BF4B-00C04F79EFBC}") = "Csharp14.SystemsMemory.NativeInterop", "src\02.NativeInterop\Csharp14.SystemsMemory.NativeInterop.csproj", "{121C77EB-E102-40D4-A7CD-0E99A4BCC449}"
EndProject
Project("{2150E333-8FDC-42A3-9474-1A3956D46DE8}") = "03.Unsafe", "03.Unsafe", "{147ECA9B-5809-BD6A-AA6D-081CFFFCC9CB}"
EndProject
Project("{FAE04EC0-301F-11D3-BF4B-00C04F79EFBC}") = "Csharp14.SystemsMemory.Unsafe", "src\03.Unsafe\Csharp14.SystemsMemory.Unsafe.csproj", "{7873214D-32AB-464F-8C79-D3C6C732D60D}"
EndProject
Project("{2150E333-8FDC-42A3-9474-1A3956D46DE8}") = "04.StructOptimization", "04.StructOptimization", "{6AD2A801-7993-34E6-A6A2-83C8857C02B2}"
EndProject
Project("{FAE04EC0-301F-11D3-BF4B-00C04F79EFBC}") = "Csharp14.SystemsMemory.StructOptimization", "src\04.StructOptimization\Csharp14.SystemsMemory.StructOptimization.csproj", "{5962C83E-9A31-4D96-B889-D6BF1F16ED2F}"
EndProject
Project("{2150E333-8FDC-42A3-9474-1A3956D46DE8}") = "05.AsyncMemory", "05.AsyncMemory", "{0AABA8CF-333F-EAD4-C3D3-152B6867D7BB}"
EndProject
Project("{FAE04EC0-301F-11D3-BF4B-00C04F79EFBC}") = "Csharp14.SystemsMemory.AsyncMemory", "src\05.AsyncMemory\Csharp14.SystemsMemory.AsyncMemory.csproj", "{12789883-2101-4D3A-AD85-BD4A364D01E8}"
EndProject
Project("{2150E333-8FDC-42A3-9474-1A3956D46DE8}") = "benchmarks", "benchmarks", "{66320409-64EC-F7C5-3DEF-65E7510DAAD1}"
EndProject
Project("{2150E333-8FDC-42A3-9474-1A3956D46DE8}") = "01.StackSpan.Benchmarks", "01.StackSpan.Benchmarks", "{2FB93D63-0E6C-8114-166A-2FA3D6D50A37}"
EndProject
Project("{FAE04EC0-301F-11D3-BF4B-00C04F79EFBC}") = "Csharp14.SystemsMemory.StackSpan.Benchmarks", "benchmarks\01.StackSpan.Benchmarks\Csharp14.SystemsMemory.StackSpan.Benchmarks.csproj", "{8125E99B-C4C5-4AC0-93B7-44AB0B05EDDA}"
EndProject
Global
	GlobalSection(SolutionConfigurationPlatforms) = preSolution
		Debug|Any CPU = Debug|Any CPU
		Debug|x64 = Debug|x64
		Debug|x86 = Debug|x86
		Release|Any CPU = Release|Any CPU
		Release|x64 = Release|x64
		Release|x86 = Release|x86
	EndGlobalSection
	GlobalSection(ProjectConfigurationPlatforms) = postSolution
		{FF5631F5-1C73-4C87-8AF9-DAB05E03B1D6}.Debug|Any CPU.ActiveCfg = Debug|Any CPU
		{FF5631F5-1C73-4C87-8AF9-DAB05E03B1D6}.Debug|Any CPU.Build.0 = Debug|Any CPU
		{FF5631F5-1C73-4C87-8AF9-DAB05E03B1D6}.Debug|x64.ActiveCfg = Debug|Any CPU
		{FF5631F5-1C73-4C87-8AF9-DAB05E03B1D6}.Debug|x64.Build.0 = Debug|Any CPU
		{FF5631F5-1C73-4C87-8AF9-DAB05E03B1D6}.Debug|x86.ActiveCfg = Debug|Any CPU
		{FF5631F5-1C73-4C87-8AF9-DAB05E03B1D6}.Debug|x86.Build.0 = Debug|Any CPU
		{FF5631F5-1C73-4C87-8AF9-DAB05E03B1D6}.Release|Any CPU.ActiveCfg = Release|Any CPU
		{FF5631F5-1C73-4C87-8AF9-DAB05E03B1D6}.Release|Any CPU.Build.0 = Release|Any CPU
		{FF5631F5-1C73-4C87-8AF9-DAB05E03B1D6}.Release|x64.ActiveCfg = Release|Any CPU
		{FF5631F5-1C73-4C87-8AF9-DAB05E03B1D6}.Release|x64.Build.0 = Release|Any CPU
		{FF5631F5-1C73-4C87-8AF9-DAB05E03B1D6}.Release|x86.ActiveCfg = Release|Any CPU
		{FF5631F5-1C73-4C87-8AF9-DAB05E03B1D6}.Release|x86.Build.0 = Release|Any CPU
		{121C77EB-E102-40D4-A7CD-0E99A4BCC449}.Debug|Any CPU.ActiveCfg = Debug|Any CPU
		{121C77EB-E102-40D4-A7CD-0E99A4BCC449}.Debug|Any CPU.Build.0 = Debug|Any CPU
		{121C77EB-E102-40D4-A7CD-0E99A4BCC449}.Debug|x64.ActiveCfg = Debug|Any CPU
		{121C77EB-E102-40D4-A7CD-0E99A4BCC449}.Debug|x64.Build.0 = Debug|Any CPU
		{121C77EB-E102-40D4-A7CD-0E99A4BCC449}.Debug|x86.ActiveCfg = Debug|Any CPU
		{121C77EB-E102-40D4-A7CD-0E99A4BCC449}.Debug|x86.Build.0 = Debug|Any CPU
		{121C77EB-E102-40D4-A7CD-0E99A4BCC449}.Release|Any CPU.ActiveCfg = Release|Any CPU
		{121C77EB-E102-40D4-A7CD-0E99A4BCC449}.Release|Any CPU.Build.0 = Release|Any CPU
		{121C77EB-E102-40D4-A7CD-0E99A4BCC449}.Release|x64.ActiveCfg = Release|Any CPU
		{121C77EB-E102-40D4-A7CD-0E99A4BCC449}.Release|x64.Build.0 = Release|Any CPU
		{121C77EB-E102-40D4-A7CD-0E99A4BCC449}.Release|x86.ActiveCfg = Release|Any CPU
		{121C77EB-E102-40D4-A7CD-0E99A4BCC449}.Release|x86.Build.0 = Release|Any CPU
		{7873214D-32AB-464F-8C79-D3C6C732D60D}.Debug|Any CPU.ActiveCfg = Debug|Any CPU
		{7873214D-32AB-464F-8C79-D3C6C732D60D}.Debug|Any CPU.Build.0 = Debug|Any CPU
		{7873214D-32AB-464F-8C79-D3C6C732D60D}.Debug|x64.ActiveCfg = Debug|Any CPU
		{7873214D-32AB-464F-8C79-D3C6C732D60D}.Debug|x64.Build.0 = Debug|Any CPU
		{7873214D-32AB-464F-8C79-D3C6C732D60D}.Debug|x86.ActiveCfg = Debug|Any CPU
		{7873214D-32AB-464F-8C79-D3C6C732D60D}.Debug|x86.Build.0 = Debug|Any CPU
		{7873214D-32AB-464F-8C79-D3C6C732D60D}.Release|Any CPU.ActiveCfg = Release|Any CPU
		{7873214D-32AB-464F-8C79-D3C6C732D60D}.Release|Any CPU.Build.0 = Release|Any CPU
		{7873214D-32AB-464F-8C79-D3C6C732D60D}.Release|x64.ActiveCfg = Release|Any CPU
		{7873214D-32AB-464F-8C79-D3C6C732D60D}.Release|x64.Build.0 = Release|Any CPU
		{7873214D-32AB-464F-8C79-D3C6C732D60D}.Release|x86.ActiveCfg = Release|Any CPU
		{7873214D-32AB-464F-8C79-D3C6C732D60D}.Release|x86.Build.0 = Release|Any CPU
		{5962C83E-9A31-4D96-B889-D6BF1F16ED2F}.Debug|Any CPU.ActiveCfg = Debug|Any CPU
		{5962C83E-9A31-4D96-B889-D6BF1F16ED2F}.Debug|Any CPU.Build.0 = Debug|Any CPU
		{5962C83E-9A31-4D96-B889-D6BF1F16ED2F}.Debug|x64.ActiveCfg = Debug|Any CPU
		{5962C83E-9A31-4D96-B889-D6BF1F16ED2F}.Debug|x64.Build.0 = Debug|Any CPU
		{5962C83E-9A31-4D96-B889-D6BF1F16ED2F}.Debug|x86.ActiveCfg = Debug|Any CPU
		{5962C83E-9A31-4D96-B889-D6BF1F16ED2F}.Debug|x86.Build.0 = Debug|Any CPU
		{5962C83E-9A31-4D96-B889-D6BF1F16ED2F}.Release|Any CPU.ActiveCfg = Release|Any CPU
		{5962C83E-9A31-4D96-B889-D6BF1F16ED2F}.Release|Any CPU.Build.0 = Release|Any CPU
		{5962C83E-9A31-4D96-B889-D6BF1F16ED2F}.Release|x64.ActiveCfg = Release|Any CPU
		{5962C83E-9A31-4D96-B889-D6BF1F16ED2F}.Release|x64.Build.0 = Release|Any CPU
		{5962C83E-9A31-4D96-B889-D6BF1F16ED2F}.Release|x86.ActiveCfg = Release|Any CPU
		{5962C83E-9A31-4D96-B889-D6BF1F16ED2F}.Release|x86.Build.0 = Release|Any CPU
		{12789883-2101-4D3A-AD85-BD4A364D01E8}.Debug|Any CPU.ActiveCfg = Debug|Any CPU
		{12789883-2101-4D3A-AD85-BD4A364D01E8}.Debug|Any CPU.Build.0 = Debug|Any CPU
		{12789883-2101-4D3A-AD85-BD4A364D01E8}.Debug|x64.ActiveCfg = Debug|Any CPU
		{12789883-2101-4D3A-AD85-BD4A364D01E8}.Debug|x64.Build.0 = Debug|Any CPU
		{12789883-2101-4D3A-AD85-BD4A364D01E8}.Debug|x86.ActiveCfg = Debug|Any CPU
		{12789883-2101-4D3A-AD85-BD4A364D01E8}.Debug|x86.Build.0 = Debug|Any CPU
		{12789883-2101-4D3A-AD85-BD4A364D01E8}.Release|Any CPU.ActiveCfg = Release|Any CPU
		{12789883-2101-4D3A-AD85-BD4A364D01E8}.Release|Any CPU.Build.0 = Release|Any CPU
		{12789883-2101-4D3A-AD85-BD4A364D01E8}.Release|x64.ActiveCfg = Release|Any CPU
		{12789883-2101-4D3A-AD85-BD4A364D01E8}.Release|x64.Build.0 = Release|Any CPU
		{12789883-2101-4D3A-AD85-BD4A364D01E8}.Release|x86.ActiveCfg = Release|Any CPU
		{12789883-2101-4D3A-AD85-BD4A364D01E8}.Release|x86.Build.0 = Release|Any CPU
		{8125E99B-C4C5-4AC0-93B7-44AB0B05EDDA}.Debug|Any CPU.ActiveCfg = Debug|Any CPU
		{8125E99B-C4C5-4AC0-93B7-44AB0B05EDDA}.Debug|Any CPU.Build.0 = Debug|Any CPU
		{8125E99B-C4C5-4AC0-93B7-44AB0B05EDDA}.Debug|x64.ActiveCfg = Debug|Any CPU
		{8125E99B-C4C5-4AC0-93B7-44AB0B05EDDA}.Debug|x64.Build.0 = Debug|Any CPU
		{8125E99B-C4C5-4AC0-93B7-44AB0B05EDDA}.Debug|x86.ActiveCfg = Debug|Any CPU
		{8125E99B-C4C5-4AC0-93B7-44AB0B05EDDA}.Debug|x86.Build.0 = Debug|Any CPU
		{8125E99B-C4C5-4AC0-93B7-44AB0B05EDDA}.Release|Any CPU.ActiveCfg = Release|Any CPU
		{8125E99B-C4C5-4AC0-93B7-44AB0B05EDDA}.Release|Any CPU.Build.0 = Release|Any CPU
		{8125E99B-C4C5-4AC0-93B7-44AB0B05EDDA}.Release|x64.ActiveCfg = Release|Any CPU
		{8125E99B-C4C5-4AC0-93B7-44AB0B05EDDA}.Release|x64.Build.0 = Release|Any CPU
		{8125E99B-C4C5-4AC0-93B7-44AB0B05EDDA}.Release|x86.ActiveCfg = Release|Any CPU
		{8125E99B-C4C5-4AC0-93B7-44AB0B05EDDA}.Release|x86.Build.0 = Release|Any CPU
	EndGlobalSection
	GlobalSection(SolutionProperties) = preSolution
		HideSolutionNode = FALSE
	EndGlobalSection
	GlobalSection(NestedProjects) = preSolution
		{5ACF8982-77DF-B9DC-B030-F3275173275B} = {827E0CD3-B72D-47B6-A68D-7590B98EB39B}
		{FF5631F5-1C73-4C87-8AF9-DAB05E03B1D6} = {5ACF8982-77DF-B9DC-B030-F3275173275B}
		{CC1D86A5-8466-C3CB-63FF-2EB04E84F1B6} = {827E0CD3-B72D-47B6-A68D-7590B98EB39B}
		{121C77EB-E102-40D4-A7CD-0E99A4BCC449} = {CC1D86A5-8466-C3CB-63FF-2EB04E84F1B6}
		{147ECA9B-5809-BD6A-AA6D-081CFFFCC9CB} = {827E0CD3-B72D-47B6-A68D-7590B98EB39B}
		{7873214D-32AB-464F-8C79-D3C6C732D60D} = {147ECA9B-5809-BD6A-AA6D-081CFFFCC9CB}
		{6AD2A801-7993-34E6-A6A2-83C8857C02B2} = {827E0CD3-B72D-47B6-A68D-7590B98EB39B}
		{5962C83E-9A31-4D96-B889-D6BF1F16ED2F} = {6AD2A801-7993-34E6-A6A2-83C8857C02B2}
		{0AABA8CF-333F-EAD4-C3D3-152B6867D7BB} = {827E0CD3-B72D-47B6-A68D-7590B98EB39B}
		{12789883-2101-4D3A-AD85-BD4A364D01E8} = {0AABA8CF-333F-EAD4-C3D3-152B6867D7BB}
		{2FB93D63-0E6C-8114-166A-2FA3D6D50A37} = {66320409-64EC-F7C5-3DEF-65E7510DAAD1}
		{8125E99B-C4C5-4AC0-93B7-44AB0B05EDDA} = {2FB93D63-0E6C-8114-166A-2FA3D6D50A37}
	EndGlobalSection
EndGlobal
